
Microsoft Visual Studio Solution File, Format Version 12.00
# Visual Studio 15
VisualStudioVersion = 15.0.27703.2026
MinimumVisualStudioVersion = 10.0.40219.1
Project("{FAE04EC0-301F-11D3-BF4B-00C04F79EFBC}") = "Kinect", "Kinect.csproj", "{1C90A6C3-C5D9-4F1D-AEA9-D0C81C4D5EE2}"
EndProject
Global
	GlobalSection(SolutionConfigurationPlatforms) = preSolution
		Debug|ARM = Debug|ARM
		Debug|x64 = Debug|x64
		Debug|x86 = Debug|x86
		Release|ARM = Release|ARM
		Release|x64 = Release|x64
		Release|x86 = Release|x86
	EndGlobalSection
	GlobalSection(ProjectConfigurationPlatforms) = postSolution
		{1C90A6C3-C5D9-4F1D-AEA9-D0C81C4D5EE2}.Debug|ARM.ActiveCfg = Debug|ARM
		{1C90A6C3-C5D9-4F1D-AEA9-D0C81C4D5EE2}.Debug|ARM.Build.0 = Debug|ARM
		{1C90A6C3-C5D9-4F1D-AEA9-D0C81C4D5EE2}.Debug|ARM.Deploy.0 = Debug|ARM
		{1C90A6C3-C5D9-4F1D-AEA9-D0C81C4D5EE2}.Debug|x64.ActiveCfg = Debug|x64
		{1C90A6C3-C5D9-4F1D-AEA9-D0C81C4D5EE2}.Debug|x64.Build.0 = Debug|x64
		{1C90A6C3-C5D9-4F1D-AEA9-D0C81C4D5EE2}.Debug|x64.Deploy.0 = Debug|x64
		{1C90A6C3-C5D9-4F1D-AEA9-D0C81C4D5EE2}.Debug|x86.ActiveCfg = Debug|x86
		{1C90A6C3-C5D9-4F1D-AEA9-D0C81C4D5EE2}.Debug|x86.Build.0 = Debug|x86
		{1C90A6C3-C5D9-4F1D-AEA9-D0C81C4D5EE2}.Debug|x86.Deploy.0 = Debug|x86
		{1C90A6C3-C5D9-4F1D-AEA9-D0C81C4D5EE2}.Release|ARM.ActiveCfg = Release|ARM
		{1C90A6C3-C5D9-4F1D-AEA9-D0C81C4D5EE2}.Release|ARM.Build.0 = Release|ARM
		{1C90A6C3-C5D9-4F1D-AEA9-D0C81C4D5EE2}.Release|ARM.Deploy.0 = Release|ARM
		{1C90A6C3-C5D9-4F1D-AEA9-D0C81C4D5EE2}.Release|x64.ActiveCfg = Release|x64
		{1C90A6C3-C5D9-4F1D-AEA9-D0C81C4D5EE2}.Release|x64.Build.0 = Release|x64
		{1C90A6C3-C5D9-4F1D-AEA9-D0C81C4D5EE2}.Release|x64.Deploy.0 = Release|x64
		{1C90A6C3-C5D9-4F1D-AEA9-D0C81C4D5EE2}.Release|x86.ActiveCfg = Release|x86
		{1C90A6C3-C5D9-4F1D-AEA9-D0C81C4D5EE2}.Release|x86.Build.0 = Release|x86
		{1C90A6C3-C5D9-4F1D-AEA9-D0C81C4D5EE2}.Release|x86.Deploy.0 = Release|x86
	EndGlobalSection
	GlobalSection(SolutionProperties) = preSolution
		HideSolutionNode = FALSE
	EndGlobalSection
	GlobalSection(ExtensibilityGlobals) = postSolution
		SolutionGuid = {9F91CFCE-DB1F-4E09-9295-D9376A9052CB}
	EndGlobalSection
EndGlobal
